
Microsoft Visual Studio Solution File, Format Version 9.00
# Visual Studio 2005
Project("{8BC9CEB8-8B4A-11D0-8D11-00A0C91BC942}") = "gnokii", "gnokii.vcproj", "{681F70AD-B62A-42F3-A85E-94DE5E160437}"
	ProjectSection(ProjectDependencies) = postProject
		{93B245DE-6DCE-46E2-BFF1-171383B0643C} = {93B245DE-6DCE-46E2-BFF1-171383B0643C}
	EndProjectSection
EndProject
Project("{8BC9CEB8-8B4A-11D0-8D11-00A0C91BC942}") = "libgnokii", "libgnokii.vcproj", "{93B245DE-6DCE-46E2-BFF1-171383B0643C}"
EndProject
Project("{54435603-DBB4-11D2-8724-00A0C9A8B90C}") = "Gnokii setup", "Gnokii_setup\Gnokii_setup.vdproj", "{52325EA7-CFC3-488D-A213-2ACF154E30DA}"
EndProject
Global
	GlobalSection(SolutionConfigurationPlatforms) = preSolution
		Debug|Win32 = Debug|Win32
		Release|Win32 = Release|Win32
	EndGlobalSection
	GlobalSection(ProjectConfigurationPlatforms) = postSolution
		{681F70AD-B62A-42F3-A85E-94DE5E160437}.Debug|Win32.ActiveCfg = Debug|Win32
		{681F70AD-B62A-42F3-A85E-94DE5E160437}.Debug|Win32.Build.0 = Debug|Win32
		{681F70AD-B62A-42F3-A85E-94DE5E160437}.Release|Win32.ActiveCfg = Release|Win32
		{681F70AD-B62A-42F3-A85E-94DE5E160437}.Release|Win32.Build.0 = Release|Win32
		{93B245DE-6DCE-46E2-BFF1-171383B0643C}.Debug|Win32.ActiveCfg = Debug|Win32
		{93B245DE-6DCE-46E2-BFF1-171383B0643C}.Debug|Win32.Build.0 = Debug|Win32
		{93B245DE-6DCE-46E2-BFF1-171383B0643C}.Release|Win32.ActiveCfg = Release|Win32
		{93B245DE-6DCE-46E2-BFF1-171383B0643C}.Release|Win32.Build.0 = Release|Win32
		{52325EA7-CFC3-488D-A213-2ACF154E30DA}.Debug|Win32.ActiveCfg = Debug
		{52325EA7-CFC3-488D-A213-2ACF154E30DA}.Release|Win32.ActiveCfg = Release
		{52325EA7-CFC3-488D-A213-2ACF154E30DA}.Release|Win32.Build.0 = Release
	EndGlobalSection
	GlobalSection(SolutionProperties) = preSolution
		HideSolutionNode = FALSE
	EndGlobalSection
EndGlobal
