
Microsoft Visual Studio Solution File, Format Version 11.00
# Visual C++ Express 2010
Project("{8BC9CEB8-8B4A-11D0-8D11-00A0C91BC942}") = "gnokii", "gnokii\gnokii.vcxproj", "{FADF8721-4E1B-4971-9B70-A149DD5E336A}"
EndProject
Project("{8BC9CEB8-8B4A-11D0-8D11-00A0C91BC942}") = "libgnokii", "libgnokii\libgnokii.vcxproj", "{BCAF23A4-33E2-4D41-9897-4801197F0344}"
EndProject
Global
	GlobalSection(SolutionConfigurationPlatforms) = preSolution
		Debug|Win32 = Debug|Win32
		Release|Win32 = Release|Win32
	EndGlobalSection
	GlobalSection(ProjectConfigurationPlatforms) = postSolution
		{FADF8721-4E1B-4971-9B70-A149DD5E336A}.Debug|Win32.ActiveCfg = Debug|Win32
		{FADF8721-4E1B-4971-9B70-A149DD5E336A}.Debug|Win32.Build.0 = Debug|Win32
		{FADF8721-4E1B-4971-9B70-A149DD5E336A}.Release|Win32.ActiveCfg = Release|Win32
		{FADF8721-4E1B-4971-9B70-A149DD5E336A}.Release|Win32.Build.0 = Release|Win32
		{BCAF23A4-33E2-4D41-9897-4801197F0344}.Debug|Win32.ActiveCfg = Debug|Win32
		{BCAF23A4-33E2-4D41-9897-4801197F0344}.Debug|Win32.Build.0 = Debug|Win32
		{BCAF23A4-33E2-4D41-9897-4801197F0344}.Release|Win32.ActiveCfg = Release|Win32
		{BCAF23A4-33E2-4D41-9897-4801197F0344}.Release|Win32.Build.0 = Release|Win32
	EndGlobalSection
	GlobalSection(SolutionProperties) = preSolution
		HideSolutionNode = FALSE
	EndGlobalSection
EndGlobal
